{
  "name": "parcel-transformer-fable",
  "lockfileVersion": 2,
  "requires": true,
  "packages": {
    "": {
      "name": "parcel-transformer-fable",
      "dependencies": {
        "@parcel/plugin": "^2.0.0-beta.1"
      },
      "engines": {
        "parcel": "^2.0.0-beta.1"
      }
    },
    "node_modules/@parcel/plugin": {
      "version": "2.0.0-nightly.600",
      "resolved": "https://registry.npmjs.org/@parcel/plugin/-/plugin-2.0.0-nightly.600.tgz",
      "integrity": "sha512-ayP0i+VqiCLoDnOyZON/uYlal9G9NJt8ISeZ/ec5OeXOMdeAhJ56zDf0pM8fSajWS106CS1DhKpJfOLhpj/oyg==",
      "dependencies": {
        "@parcel/types": "2.0.0-nightly.600+f28eaf60"
      },
      "engines": {
        "node": ">= 12.0.0"
      },
      "funding": {
        "type": "opencollective",
        "url": "https://opencollective.com/parcel"
      }
    },
    "node_modules/@parcel/types": {
      "version": "2.0.0-nightly.600",
      "resolved": "https://registry.npmjs.org/@parcel/types/-/types-2.0.0-nightly.600.tgz",
      "integrity": "sha512-0cNRLMTNSgKGmphlCckCLtp+vDpgmVoys0opfrI4Pn71Lma+l839hOklrhr6lIA6DF9IRy2V/DTmSb6o2XeAig=="
    }
  },
  "dependencies": {
    "@parcel/plugin": {
      "version": "2.0.0-nightly.600",
      "resolved": "https://registry.npmjs.org/@parcel/plugin/-/plugin-2.0.0-nightly.600.tgz",
      "integrity": "sha512-ayP0i+VqiCLoDnOyZON/uYlal9G9NJt8ISeZ/ec5OeXOMdeAhJ56zDf0pM8fSajWS106CS1DhKpJfOLhpj/oyg==",
      "requires": {
        "@parcel/types": "2.0.0-nightly.600+f28eaf60"
      }
    },
    "@parcel/types": {
      "version": "2.0.0-nightly.600",
      "resolved": "https://registry.npmjs.org/@parcel/types/-/types-2.0.0-nightly.600.tgz",
      "integrity": "sha512-0cNRLMTNSgKGmphlCckCLtp+vDpgmVoys0opfrI4Pn71Lma+l839hOklrhr6lIA6DF9IRy2V/DTmSb6o2XeAig=="
    }
  }
}
